
Microsoft Visual Studio Solution File, Format Version 12.00
# Visual Studio Version 16
VisualStudioVersion = 16.0.31702.278
MinimumVisualStudioVersion = 10.0.40219.1
Project("{FAE04EC0-301F-11D3-BF4B-00C04F79EFBC}") = "IVVUO.INTEGRACIONES.WorkerService", "IVVUO.INTEGRACIONES.WorkerService\IVVUO.INTEGRACIONES.WorkerService.csproj", "{2DCC8FD4-EEDB-4106-99F8-720C561B06D9}"
EndProject
Project("{FAE04EC0-301F-11D3-BF4B-00C04F79EFBC}") = "IVVUO.INTEGRACIONES.Infraestructure", "IVVUO.INTEGRACIONES.Infraestructure\IVVUO.INTEGRACIONES.Infraestructure.csproj", "{F98ADC5C-5723-4019-9D25-D6F05208D14E}"
EndProject
Project("{FAE04EC0-301F-11D3-BF4B-00C04F79EFBC}") = "IVVUO.INTEGRACIONES.Core", "IVVUO.INTEGRACIONES.Core\IVVUO.INTEGRACIONES.Core.csproj", "{BBCE6073-6C76-433D-98E5-FC611BE6AA2B}"
EndProject
Global
	GlobalSection(SolutionConfigurationPlatforms) = preSolution
		Debug|Any CPU = Debug|Any CPU
		Release|Any CPU = Release|Any CPU
	EndGlobalSection
	GlobalSection(ProjectConfigurationPlatforms) = postSolution
		{2DCC8FD4-EEDB-4106-99F8-720C561B06D9}.Debug|Any CPU.ActiveCfg = Debug|Any CPU
		{2DCC8FD4-EEDB-4106-99F8-720C561B06D9}.Debug|Any CPU.Build.0 = Debug|Any CPU
		{2DCC8FD4-EEDB-4106-99F8-720C561B06D9}.Release|Any CPU.ActiveCfg = Release|Any CPU
		{2DCC8FD4-EEDB-4106-99F8-720C561B06D9}.Release|Any CPU.Build.0 = Release|Any CPU
		{F98ADC5C-5723-4019-9D25-D6F05208D14E}.Debug|Any CPU.ActiveCfg = Debug|Any CPU
		{F98ADC5C-5723-4019-9D25-D6F05208D14E}.Debug|Any CPU.Build.0 = Debug|Any CPU
		{F98ADC5C-5723-4019-9D25-D6F05208D14E}.Release|Any CPU.ActiveCfg = Release|Any CPU
		{F98ADC5C-5723-4019-9D25-D6F05208D14E}.Release|Any CPU.Build.0 = Release|Any CPU
		{BBCE6073-6C76-433D-98E5-FC611BE6AA2B}.Debug|Any CPU.ActiveCfg = Debug|Any CPU
		{BBCE6073-6C76-433D-98E5-FC611BE6AA2B}.Debug|Any CPU.Build.0 = Debug|Any CPU
		{BBCE6073-6C76-433D-98E5-FC611BE6AA2B}.Release|Any CPU.ActiveCfg = Release|Any CPU
		{BBCE6073-6C76-433D-98E5-FC611BE6AA2B}.Release|Any CPU.Build.0 = Release|Any CPU
	EndGlobalSection
	GlobalSection(SolutionProperties) = preSolution
		HideSolutionNode = FALSE
	EndGlobalSection
	GlobalSection(ExtensibilityGlobals) = postSolution
		SolutionGuid = {F320BC8D-90F5-4155-8BE0-ED67B8AB8139}
	EndGlobalSection
EndGlobal
